
Microsoft Visual Studio Solution File, Format Version 12.00
# Visual Studio Version 17
VisualStudioVersion = 17.0.31912.275
MinimumVisualStudioVersion = 10.0.40219.1
Project("{9A19103F-16F7-4668-BE54-9A1E7A4F7556}") = "InterfaceEvents", "InterfaceEvents\InterfaceEvents.csproj", "{AF9C3EB5-5010-44D9-9045-6FDA86A154D0}"
EndProject
Project("{9A19103F-16F7-4668-BE54-9A1E7A4F7556}") = "Tests", "Tests\Tests.csproj", "{699D9B82-D85E-4D31-96B2-028A83D53DF5}"
EndProject
Global
	GlobalSection(SolutionConfigurationPlatforms) = preSolution
		Debug|Any CPU = Debug|Any CPU
		Release|Any CPU = Release|Any CPU
	EndGlobalSection
	GlobalSection(ProjectConfigurationPlatforms) = postSolution
		{AF9C3EB5-5010-44D9-9045-6FDA86A154D0}.Debug|Any CPU.ActiveCfg = Debug|Any CPU
		{AF9C3EB5-5010-44D9-9045-6FDA86A154D0}.Debug|Any CPU.Build.0 = Debug|Any CPU
		{AF9C3EB5-5010-44D9-9045-6FDA86A154D0}.Release|Any CPU.ActiveCfg = Release|Any CPU
		{AF9C3EB5-5010-44D9-9045-6FDA86A154D0}.Release|Any CPU.Build.0 = Release|Any CPU
		{699D9B82-D85E-4D31-96B2-028A83D53DF5}.Debug|Any CPU.ActiveCfg = Debug|Any CPU
		{699D9B82-D85E-4D31-96B2-028A83D53DF5}.Debug|Any CPU.Build.0 = Debug|Any CPU
		{699D9B82-D85E-4D31-96B2-028A83D53DF5}.Release|Any CPU.ActiveCfg = Release|Any CPU
	EndGlobalSection
	GlobalSection(SolutionProperties) = preSolution
		HideSolutionNode = FALSE
	EndGlobalSection
	GlobalSection(ExtensibilityGlobals) = postSolution
		SolutionGuid = {92AAB931-70AD-4241-96E0-84A468DA20B4}
	EndGlobalSection
EndGlobal
